
Microsoft Visual Studio Solution File, Format Version 12.00
# Visual Studio Version 17
VisualStudioVersion = 17.13.35931.197 d17.13
MinimumVisualStudioVersion = 10.0.40219.1
Project("{8BC9CEB8-8B4A-11D0-8D11-00A0C91BC942}") = "MyNN", "MyNN\MyNN.vcxproj", "{76D8F45E-D695-4DEE-9060-59C15DE107BD}"
EndProject
Project("{8BC9CEB8-8B4A-11D0-8D11-00A0C91BC942}") = "test", "test\test.vcxproj", "{B056B7BB-BDA4-4773-B9CB-24B4DA57EDE1}"
	ProjectSection(ProjectDependencies) = postProject
		{76D8F45E-D695-4DEE-9060-59C15DE107BD} = {76D8F45E-D695-4DEE-9060-59C15DE107BD}
	EndProjectSection
EndProject
Global
	GlobalSection(SolutionConfigurationPlatforms) = preSolution
		Debug|x64 = Debug|x64
		Debug|x86 = Debug|x86
		Release|x64 = Release|x64
		Release|x86 = Release|x86
	EndGlobalSection
	GlobalSection(ProjectConfigurationPlatforms) = postSolution
		{76D8F45E-D695-4DEE-9060-59C15DE107BD}.Debug|x64.ActiveCfg = Debug|x64
		{76D8F45E-D695-4DEE-9060-59C15DE107BD}.Debug|x64.Build.0 = Debug|x64
		{76D8F45E-D695-4DEE-9060-59C15DE107BD}.Debug|x86.ActiveCfg = Debug|Win32
		{76D8F45E-D695-4DEE-9060-59C15DE107BD}.Debug|x86.Build.0 = Debug|Win32
		{76D8F45E-D695-4DEE-9060-59C15DE107BD}.Release|x64.ActiveCfg = Release|x64
		{76D8F45E-D695-4DEE-9060-59C15DE107BD}.Release|x64.Build.0 = Release|x64
		{76D8F45E-D695-4DEE-9060-59C15DE107BD}.Release|x86.ActiveCfg = Release|Win32
		{76D8F45E-D695-4DEE-9060-59C15DE107BD}.Release|x86.Build.0 = Release|Win32
		{B056B7BB-BDA4-4773-B9CB-24B4DA57EDE1}.Debug|x64.ActiveCfg = Debug|x64
		{B056B7BB-BDA4-4773-B9CB-24B4DA57EDE1}.Debug|x64.Build.0 = Debug|x64
		{B056B7BB-BDA4-4773-B9CB-24B4DA57EDE1}.Debug|x86.ActiveCfg = Debug|Win32
		{B056B7BB-BDA4-4773-B9CB-24B4DA57EDE1}.Debug|x86.Build.0 = Debug|Win32
		{B056B7BB-BDA4-4773-B9CB-24B4DA57EDE1}.Release|x64.ActiveCfg = Release|x64
		{B056B7BB-BDA4-4773-B9CB-24B4DA57EDE1}.Release|x64.Build.0 = Release|x64
		{B056B7BB-BDA4-4773-B9CB-24B4DA57EDE1}.Release|x86.ActiveCfg = Release|Win32
		{B056B7BB-BDA4-4773-B9CB-24B4DA57EDE1}.Release|x86.Build.0 = Release|Win32
	EndGlobalSection
	GlobalSection(SolutionProperties) = preSolution
		HideSolutionNode = FALSE
	EndGlobalSection
	GlobalSection(ExtensibilityGlobals) = postSolution
		SolutionGuid = {43AD5A11-1FE6-418E-A47E-1F85DA2D8F8B}
	EndGlobalSection
EndGlobal
